
Microsoft Visual Studio Solution File, Format Version 12.00
Project("{FAE04EC0-301F-11D3-BF4B-00C04F79EFBC}") = "BlazorDentistry", "BlazorDentistry.csproj", "{B028B24F-B9B9-4749-AACF-25D420E1E187}"
EndProject
Global
	GlobalSection(SolutionConfigurationPlatforms) = preSolution
		Debug|Any CPU = Debug|Any CPU
		Release|Any CPU = Release|Any CPU
	EndGlobalSection
	GlobalSection(ProjectConfigurationPlatforms) = postSolution
		{B028B24F-B9B9-4749-AACF-25D420E1E187}.Debug|Any CPU.ActiveCfg = Debug|Any CPU
		{B028B24F-B9B9-4749-AACF-25D420E1E187}.Debug|Any CPU.Build.0 = Debug|Any CPU
		{B028B24F-B9B9-4749-AACF-25D420E1E187}.Release|Any CPU.ActiveCfg = Release|Any CPU
		{B028B24F-B9B9-4749-AACF-25D420E1E187}.Release|Any CPU.Build.0 = Release|Any CPU
	EndGlobalSection
EndGlobal
